
Microsoft Visual Studio Solution File, Format Version 12.00
# Visual Studio 15
VisualStudioVersion = 15.0.28307.645
MinimumVisualStudioVersion = 10.0.40219.1
Project("{FAE04EC0-301F-11D3-BF4B-00C04F79EFBC}") = "task-tracker", "task-tracker\task-tracker.csproj", "{27CF0E78-A6EA-4500-9D45-5C2B97A4FAF4}"
EndProject
Global
	GlobalSection(SolutionConfigurationPlatforms) = preSolution
		Debug|Any CPU = Debug|Any CPU
		Release|Any CPU = Release|Any CPU
	EndGlobalSection
	GlobalSection(ProjectConfigurationPlatforms) = postSolution
		{27CF0E78-A6EA-4500-9D45-5C2B97A4FAF4}.Debug|Any CPU.ActiveCfg = Debug|Any CPU
		{27CF0E78-A6EA-4500-9D45-5C2B97A4FAF4}.Debug|Any CPU.Build.0 = Debug|Any CPU
		{27CF0E78-A6EA-4500-9D45-5C2B97A4FAF4}.Release|Any CPU.ActiveCfg = Release|Any CPU
		{27CF0E78-A6EA-4500-9D45-5C2B97A4FAF4}.Release|Any CPU.Build.0 = Release|Any CPU
	EndGlobalSection
	GlobalSection(SolutionProperties) = preSolution
		HideSolutionNode = FALSE
	EndGlobalSection
	GlobalSection(ExtensibilityGlobals) = postSolution
		SolutionGuid = {1E02CCF3-E322-4818-B178-E881BE553884}
	EndGlobalSection
EndGlobal
